<?xml version="1.0" encoding="utf-8"?>
<Project ToolsVersion="4.0" xmlns="http://schemas.microsoft.com/developer/msbuild/2003">
  <ItemGroup>
    <Filter Include="Source Files">
      <UniqueIdentifier>{4FC737F1-C7A5-4376-A066-2A32D752A2FF}</UniqueIdentifier>
      <Extensions>cpp;c;cc;cxx;def;odl;idl;hpj;bat;asm;asmx</Extensions>
    </Filter>
    <Filter Include="Header Files">
      <UniqueIdentifier>{93995380-89BD-4b04-88EB-625FBE52EBFB}</UniqueIdentifier>
      <Extensions>h;hpp;hxx;hm;inl;inc;xsd</Extensions>
    </Filter>
    <Filter Include="Resource Files">
      <UniqueIdentifier>{67DA6AB6-F800-4c08-8B7A-83BB121AAD01}</UniqueIdentifier>
      <Extensions>rc;ico;cur;bmp;dlg;rc2;rct;bin;rgs;gif;jpg;jpeg;jpe;resx;tiff;tif;png;wav;mfcribbon-ms</Extensions>
    </Filter>
    <Filter Include="Header Files\geometry">
      <UniqueIdentifier>{e0cbb5ab-4cbe-4e7b-a10d-9d7f28a63a00}</UniqueIdentifier>
    </Filter>
    <Filter Include="Header Files\simulation">
      <UniqueIdentifier>{ef07ad77-baf6-49f8-acd2-a0aaace17443}</UniqueIdentifier>
    </Filter>
    <Filter Include="Header Files\utils">
      <UniqueIdentifier>{4e9b1930-4776-451e-a85f-fa17cae30f9c}</UniqueIdentifier>
    </Filter>
    <Filter Include="Header Files\unit_tests">
      <UniqueIdentifier>{4f76b3a0-786d-4a06-860c-08689a5a7dd3}</UniqueIdentifier>
    </Filter>
    <Filter Include="Source Files\geometry">
      <UniqueIdentifier>{05d70e6d-91c8-41c3-8518-0c27aa34f61d}</UniqueIdentifier>
    </Filter>
    <Filter Include="Source Files\utils">
      <UniqueIdentifier>{a2aea67c-4634-41f4-b65c-553be27d9b1f}</UniqueIdentifier>
    </Filter>
    <Filter Include="Source Files\simulation">
      <UniqueIdentifier>{0cd11d84-95c0-4af8-81e3-7844b79563d1}</UniqueIdentifier>
    </Filter>
    <Filter Include="Source Files\unit_tests">
      <UniqueIdentifier>{4fb2a392-3156-47dc-9579-589326f7c9d0}</UniqueIdentifier>
    </Filter>
  </ItemGroup>
  <ItemGroup>
    <ClInclude Include="..\..\include\geometry\arc.h">
      <Filter>Header Files\geometry</Filter>
    </ClInclude>
    <ClInclude Include="..\..\include\geometry\bounding_box.h">
      <Filter>Header Files\geometry</Filter>
    </ClInclude>
    <ClInclude Include="..\..\include\geometry\circle.h">
      <Filter>Header Files\geometry</Filter>
    </ClInclude>
    <ClInclude Include="..\..\include\geometry\directed_rectangle_object.h">
      <Filter>Header Files\geometry</Filter>
    </ClInclude>
    <ClInclude Include="..\..\include\geometry\geometry_utils.h">
      <Filter>Header Files\geometry</Filter>
    </ClInclude>
    <ClInclude Include="..\..\include\geometry\line.h">
      <Filter>Header Files\geometry</Filter>
    </ClInclude>
    <ClInclude Include="..\..\include\geometry\point.h">
      <Filter>Header Files\geometry</Filter>
    </ClInclude>
    <ClInclude Include="..\..\include\geometry\polygon.h">
      <Filter>Header Files\geometry</Filter>
    </ClInclude>
    <ClInclude Include="..\..\include\geometry\rectangle_object.h">
      <Filter>Header Files\geometry</Filter>
    </ClInclude>
    <ClInclude Include="..\..\include\geometry\segment.h">
      <Filter>Header Files\geometry</Filter>
    </ClInclude>
    <ClInclude Include="..\..\include\geometry\vector.h">
      <Filter>Header Files\geometry</Filter>
    </ClInclude>
    <ClInclude Include="..\..\include\simulation\car.h">
      <Filter>Header Files\simulation</Filter>
    </ClInclude>
    <ClInclude Include="..\..\include\utils\current_state.h">
      <Filter>Header Files\utils</Filter>
    </ClInclude>
    <ClInclude Include="..\..\include\utils\delay.h">
      <Filter>Header Files\utils</Filter>
    </ClInclude>
    <ClInclude Include="..\..\include\utils\double_utils.h">
      <Filter>Header Files\utils</Filter>
    </ClInclude>
    <ClInclude Include="..\..\include\utils\object_holder.h">
      <Filter>Header Files\utils</Filter>
    </ClInclude>
    <ClInclude Include="..\..\include\utils\scoped_ptr.h">
      <Filter>Header Files\utils</Filter>
    </ClInclude>
    <ClInclude Include="..\..\include\unit_tests\test_base.h">
      <Filter>Header Files\unit_tests</Filter>
    </ClInclude>
  </ItemGroup>
  <ItemGroup>
    <ClCompile Include="..\..\geometry\arc.cpp">
      <Filter>Source Files\geometry</Filter>
    </ClCompile>
    <ClCompile Include="..\..\geometry\bounding_box.cpp">
      <Filter>Source Files\geometry</Filter>
    </ClCompile>
    <ClCompile Include="..\..\geometry\circle.cpp">
      <Filter>Source Files\geometry</Filter>
    </ClCompile>
    <ClCompile Include="..\..\geometry\directed_rectangle_object.cpp">
      <Filter>Source Files\geometry</Filter>
    </ClCompile>
    <ClCompile Include="..\..\geometry\geometry_utils.cpp">
      <Filter>Source Files\geometry</Filter>
    </ClCompile>
    <ClCompile Include="..\..\geometry\line.cpp">
      <Filter>Source Files\geometry</Filter>
    </ClCompile>
    <ClCompile Include="..\..\geometry\point.cpp">
      <Filter>Source Files\geometry</Filter>
    </ClCompile>
    <ClCompile Include="..\..\geometry\polygon.cpp">
      <Filter>Source Files\geometry</Filter>
    </ClCompile>
    <ClCompile Include="..\..\geometry\polygon_intersection.cpp">
      <Filter>Source Files\geometry</Filter>
    </ClCompile>
    <ClCompile Include="..\..\geometry\rectangle_object.cpp">
      <Filter>Source Files\geometry</Filter>
    </ClCompile>
    <ClCompile Include="..\..\geometry\segement.cpp">
      <Filter>Source Files\geometry</Filter>
    </ClCompile>
    <ClCompile Include="..\..\geometry\vector.cpp">
      <Filter>Source Files\geometry</Filter>
    </ClCompile>
    <ClCompile Include="..\..\utils\current_state.cpp">
      <Filter>Source Files\utils</Filter>
    </ClCompile>
    <ClCompile Include="..\..\utils\delay.cpp">
      <Filter>Source Files\utils</Filter>
    </ClCompile>
    <ClCompile Include="..\..\utils\double_utils.cpp">
      <Filter>Source Files\utils</Filter>
    </ClCompile>
    <ClCompile Include="..\..\utils\object_holder.cpp">
      <Filter>Source Files\utils</Filter>
    </ClCompile>
    <ClCompile Include="..\..\utils\object_holder_serialization.cpp">
      <Filter>Source Files\utils</Filter>
    </ClCompile>
    <ClCompile Include="..\..\simulation\car.cpp">
      <Filter>Source Files\simulation</Filter>
    </ClCompile>
    <ClCompile Include="..\..\unit_tests\geometry_utils_test.cpp">
      <Filter>Source Files\unit_tests</Filter>
    </ClCompile>
  </ItemGroup>
</Project>